
Microsoft Visual Studio Solution File, Format Version 12.00
# Visual Studio Version 16
VisualStudioVersion = 16.0.30517.126
MinimumVisualStudioVersion = 10.0.40219.1
Project("{FAE04EC0-301F-11D3-BF4B-00C04F79EFBC}") = "ConsoleApp1", "ConsoleApp1\ConsoleApp1.csproj", "{2960464D-F136-49E7-A335-DE5D2460290D}"
EndProject
Global
	GlobalSection(SolutionConfigurationPlatforms) = preSolution
		Debug|Any CPU = Debug|Any CPU
		Release|Any CPU = Release|Any CPU
	EndGlobalSection
	GlobalSection(ProjectConfigurationPlatforms) = postSolution
		{2960464D-F136-49E7-A335-DE5D2460290D}.Debug|Any CPU.ActiveCfg = Debug|Any CPU
		{2960464D-F136-49E7-A335-DE5D2460290D}.Debug|Any CPU.Build.0 = Debug|Any CPU
		{2960464D-F136-49E7-A335-DE5D2460290D}.Release|Any CPU.ActiveCfg = Release|Any CPU
		{2960464D-F136-49E7-A335-DE5D2460290D}.Release|Any CPU.Build.0 = Release|Any CPU
	EndGlobalSection
	GlobalSection(SolutionProperties) = preSolution
		HideSolutionNode = FALSE
	EndGlobalSection
	GlobalSection(ExtensibilityGlobals) = postSolution
		SolutionGuid = {DEECCDFF-7769-445D-B30E-4E7802A0E152}
	EndGlobalSection
EndGlobal
